
Microsoft Visual Studio Solution File, Format Version 12.00
# Visual Studio Version 17
VisualStudioVersion = 17.13.35825.156 d17.13
MinimumVisualStudioVersion = 10.0.40219.1
Project("{FAE04EC0-301F-11D3-BF4B-00C04F79EFBC}") = "chamdiemthi", "chamdiemthi\chamdiemthi.csproj", "{5904CC94-2EB5-4523-A594-5848C6DE8078}"
EndProject
Global
	GlobalSection(SolutionConfigurationPlatforms) = preSolution
		Debug|Any CPU = Debug|Any CPU
		Release|Any CPU = Release|Any CPU
	EndGlobalSection
	GlobalSection(ProjectConfigurationPlatforms) = postSolution
		{5904CC94-2EB5-4523-A594-5848C6DE8078}.Debug|Any CPU.ActiveCfg = Debug|Any CPU
		{5904CC94-2EB5-4523-A594-5848C6DE8078}.Debug|Any CPU.Build.0 = Debug|Any CPU
		{5904CC94-2EB5-4523-A594-5848C6DE8078}.Release|Any CPU.ActiveCfg = Release|Any CPU
		{5904CC94-2EB5-4523-A594-5848C6DE8078}.Release|Any CPU.Build.0 = Release|Any CPU
	EndGlobalSection
	GlobalSection(SolutionProperties) = preSolution
		HideSolutionNode = FALSE
	EndGlobalSection
	GlobalSection(ExtensibilityGlobals) = postSolution
		SolutionGuid = {95A7A3A1-ADE2-489F-A3B3-C139559B9F81}
	EndGlobalSection
EndGlobal
